
Microsoft Visual Studio Solution File, Format Version 12.00
# Visual Studio Version 16
VisualStudioVersion = 16.0.31105.61
MinimumVisualStudioVersion = 10.0.40219.1
Project("{FAE04EC0-301F-11D3-BF4B-00C04F79EFBC}") = "FilterBodyTest", "FilterBodyTest\FilterBodyTest.csproj", "{D32692D4-28CB-4DD2-8FF3-6A19B127D20D}"
EndProject
Global
	GlobalSection(SolutionConfigurationPlatforms) = preSolution
		Debug|Any CPU = Debug|Any CPU
		Release|Any CPU = Release|Any CPU
	EndGlobalSection
	GlobalSection(ProjectConfigurationPlatforms) = postSolution
		{D32692D4-28CB-4DD2-8FF3-6A19B127D20D}.Debug|Any CPU.ActiveCfg = Debug|Any CPU
		{D32692D4-28CB-4DD2-8FF3-6A19B127D20D}.Debug|Any CPU.Build.0 = Debug|Any CPU
		{D32692D4-28CB-4DD2-8FF3-6A19B127D20D}.Release|Any CPU.ActiveCfg = Release|Any CPU
		{D32692D4-28CB-4DD2-8FF3-6A19B127D20D}.Release|Any CPU.Build.0 = Release|Any CPU
	EndGlobalSection
	GlobalSection(SolutionProperties) = preSolution
		HideSolutionNode = FALSE
	EndGlobalSection
	GlobalSection(ExtensibilityGlobals) = postSolution
		SolutionGuid = {DBE2EBF6-7726-4330-A457-176CAB28D24E}
	EndGlobalSection
EndGlobal
